
Microsoft Visual Studio Solution File, Format Version 12.00
# Visual Studio Version 17
VisualStudioVersion = 17.11.35327.3
MinimumVisualStudioVersion = 10.0.40219.1
Project("{FAE04EC0-301F-11D3-BF4B-00C04F79EFBC}") = "PomodoroWellnessApp.Server", "PomodoroWellnessApp.Server\PomodoroWellnessApp.Server.csproj", "{3E573FA3-9CA0-4622-8D2A-A325748C859F}"
EndProject
Project("{54A90642-561A-4BB1-A94E-469ADEE60C69}") = "pomodorowellnessapp.client", "pomodorowellnessapp.client\pomodorowellnessapp.client.esproj", "{1B155782-CFA2-485B-8111-D9B4F96B40A8}"
EndProject
Global
	GlobalSection(SolutionConfigurationPlatforms) = preSolution
		Debug|Any CPU = Debug|Any CPU
		Release|Any CPU = Release|Any CPU
	EndGlobalSection
	GlobalSection(ProjectConfigurationPlatforms) = postSolution
		{3E573FA3-9CA0-4622-8D2A-A325748C859F}.Debug|Any CPU.ActiveCfg = Debug|Any CPU
		{3E573FA3-9CA0-4622-8D2A-A325748C859F}.Debug|Any CPU.Build.0 = Debug|Any CPU
		{3E573FA3-9CA0-4622-8D2A-A325748C859F}.Release|Any CPU.ActiveCfg = Release|Any CPU
		{3E573FA3-9CA0-4622-8D2A-A325748C859F}.Release|Any CPU.Build.0 = Release|Any CPU
		{1B155782-CFA2-485B-8111-D9B4F96B40A8}.Debug|Any CPU.ActiveCfg = Debug|Any CPU
		{1B155782-CFA2-485B-8111-D9B4F96B40A8}.Debug|Any CPU.Build.0 = Debug|Any CPU
		{1B155782-CFA2-485B-8111-D9B4F96B40A8}.Debug|Any CPU.Deploy.0 = Debug|Any CPU
		{1B155782-CFA2-485B-8111-D9B4F96B40A8}.Release|Any CPU.ActiveCfg = Release|Any CPU
		{1B155782-CFA2-485B-8111-D9B4F96B40A8}.Release|Any CPU.Build.0 = Release|Any CPU
		{1B155782-CFA2-485B-8111-D9B4F96B40A8}.Release|Any CPU.Deploy.0 = Release|Any CPU
	EndGlobalSection
	GlobalSection(SolutionProperties) = preSolution
		HideSolutionNode = FALSE
	EndGlobalSection
	GlobalSection(ExtensibilityGlobals) = postSolution
		SolutionGuid = {6BCC0A5C-E6B8-4764-9CED-D0CCFF1CB417}
	EndGlobalSection
EndGlobal
